// !$*UTF8*$!
{
	archiveVersion = 1;
	classes = {
	};
	objectVersion = 56;
	objects = {

/* Begin PBXBuildFile section */
		8CC4346629798BF100597B12 /* WeatherAppSwiftUIApp.swift in Sources */ = {isa = PBXBuildFile; fileRef = 8CC4346529798BF100597B12 /* WeatherAppSwiftUIApp.swift */; };
		8CC4346829798BF100597B12 /* ContentView.swift in Sources */ = {isa = PBXBuildFile; fileRef = 8CC4346729798BF100597B12 /* ContentView.swift */; };
		8CC4346A29798BF300597B12 /* Assets.xcassets in Resources */ = {isa = PBXBuildFile; fileRef = 8CC4346929798BF300597B12 /* Assets.xcassets */; };
		8CC4346D29798BF300597B12 /* Preview Assets.xcassets in Resources */ = {isa = PBXBuildFile; fileRef = 8CC4346C29798BF300597B12 /* Preview Assets.xcassets */; };
		8CC4347529798D3E00597B12 /* LocationManager.swift in Sources */ = {isa = PBXBuildFile; fileRef = 8CC4347429798D3E00597B12 /* LocationManager.swift */; };
		8CC4347829798EE000597B12 /* WelcomeView.swift in Sources */ = {isa = PBXBuildFile; fileRef = 8CC4347729798EE000597B12 /* WelcomeView.swift */; };
		8CC4347A2979932700597B12 /* LoadingView.swift in Sources */ = {isa = PBXBuildFile; fileRef = 8CC434792979932700597B12 /* LoadingView.swift */; };
		8CC4347C297AAAF500597B12 /* WeatherManager.swift in Sources */ = {isa = PBXBuildFile; fileRef = 8CC4347B297AAAF500597B12 /* WeatherManager.swift */; };
		8CC4347E297AABF600597B12 /* WeatherView.swift in Sources */ = {isa = PBXBuildFile; fileRef = 8CC4347D297AABF600597B12 /* WeatherView.swift */; };
		8CC43480297AAC2600597B12 /* ModelData.swift in Sources */ = {isa = PBXBuildFile; fileRef = 8CC4347F297AAC2600597B12 /* ModelData.swift */; };
		8CC43482297AAC5C00597B12 /* WeatherData.JSON in Resources */ = {isa = PBXBuildFile; fileRef = 8CC43481297AAC5C00597B12 /* WeatherData.JSON */; };
		8CC43484297AACDA00597B12 /* Extensions.swift in Sources */ = {isa = PBXBuildFile; fileRef = 8CC43483297AACDA00597B12 /* Extensions.swift */; };
		8CC43486297AADA900597B12 /* WeatherRow.swift in Sources */ = {isa = PBXBuildFile; fileRef = 8CC43485297AADA900597B12 /* WeatherRow.swift */; };
/* End PBXBuildFile section */

/* Begin PBXFileReference section */
		8CC4346229798BF100597B12 /* WeatherAppSwiftUI.app */ = {isa = PBXFileReference; explicitFileType = wrapper.application; includeInIndex = 0; path = WeatherAppSwiftUI.app; sourceTree = BUILT_PRODUCTS_DIR; };
		8CC4346529798BF100597B12 /* WeatherAppSwiftUIApp.swift */ = {isa = PBXFileReference; lastKnownFileType = sourcecode.swift; path = WeatherAppSwiftUIApp.swift; sourceTree = "<group>"; };
		8CC4346729798BF100597B12 /* ContentView.swift */ = {isa = PBXFileReference; lastKnownFileType = sourcecode.swift; path = ContentView.swift; sourceTree = "<group>"; };
		8CC4346929798BF300597B12 /* Assets.xcassets */ = {isa = PBXFileReference; lastKnownFileType = folder.assetcatalog; path = Assets.xcassets; sourceTree = "<group>"; };
		8CC4346C29798BF300597B12 /* Preview Assets.xcassets */ = {isa = PBXFileReference; lastKnownFileType = folder.assetcatalog; path = "Preview Assets.xcassets"; sourceTree = "<group>"; };
		8CC4347429798D3E00597B12 /* LocationManager.swift */ = {isa = PBXFileReference; lastKnownFileType = sourcecode.swift; path = LocationManager.swift; sourceTree = "<group>"; };
		8CC4347729798EE000597B12 /* WelcomeView.swift */ = {isa = PBXFileReference; lastKnownFileType = sourcecode.swift; path = WelcomeView.swift; sourceTree = "<group>"; };
		8CC434792979932700597B12 /* LoadingView.swift */ = {isa = PBXFileReference; lastKnownFileType = sourcecode.swift; path = LoadingView.swift; sourceTree = "<group>"; };
		8CC4347B297AAAF500597B12 /* WeatherManager.swift */ = {isa = PBXFileReference; lastKnownFileType = sourcecode.swift; path = WeatherManager.swift; sourceTree = "<group>"; };
		8CC4347D297AABF600597B12 /* WeatherView.swift */ = {isa = PBXFileReference; lastKnownFileType = sourcecode.swift; path = WeatherView.swift; sourceTree = "<group>"; };
		8CC4347F297AAC2600597B12 /* ModelData.swift */ = {isa = PBXFileReference; lastKnownFileType = sourcecode.swift; path = ModelData.swift; sourceTree = "<group>"; };
		8CC43481297AAC5C00597B12 /* WeatherData.JSON */ = {isa = PBXFileReference; lastKnownFileType = text.json; path = WeatherData.JSON; sourceTree = "<group>"; };
		8CC43483297AACDA00597B12 /* Extensions.swift */ = {isa = PBXFileReference; lastKnownFileType = sourcecode.swift; path = Extensions.swift; sourceTree = "<group>"; };
		8CC43485297AADA900597B12 /* WeatherRow.swift */ = {isa = PBXFileReference; lastKnownFileType = sourcecode.swift; path = WeatherRow.swift; sourceTree = "<group>"; };
/* End PBXFileReference section */

/* Begin PBXFrameworksBuildPhase section */
		8CC4345F29798BF100597B12 /* Frameworks */ = {
			isa = PBXFrameworksBuildPhase;
			buildActionMask = 2147483647;
			files = (
			);
			runOnlyForDeploymentPostprocessing = 0;
		};
/* End PBXFrameworksBuildPhase section */

/* Begin PBXGroup section */
		8CC4345929798BF100597B12 = {
			isa = PBXGroup;
			children = (
				8CC4346429798BF100597B12 /* WeatherAppSwiftUI */,
				8CC4346329798BF100597B12 /* Products */,
			);
			sourceTree = "<group>";
		};
		8CC4346329798BF100597B12 /* Products */ = {
			isa = PBXGroup;
			children = (
				8CC4346229798BF100597B12 /* WeatherAppSwiftUI.app */,
			);
			name = Products;
			sourceTree = "<group>";
		};
		8CC4346429798BF100597B12 /* WeatherAppSwiftUI */ = {
			isa = PBXGroup;
			children = (
				8CC4347629798E7000597B12 /* Views */,
				8CC4346529798BF100597B12 /* WeatherAppSwiftUIApp.swift */,
				8CC4347329798D2800597B12 /* Managers */,
				8CC4346929798BF300597B12 /* Assets.xcassets */,
				8CC4346B29798BF300597B12 /* Preview Content */,
				8CC43485297AADA900597B12 /* WeatherRow.swift */,
			);
			path = WeatherAppSwiftUI;
			sourceTree = "<group>";
		};
		8CC4346B29798BF300597B12 /* Preview Content */ = {
			isa = PBXGroup;
			children = (
				8CC4346C29798BF300597B12 /* Preview Assets.xcassets */,
				8CC4347F297AAC2600597B12 /* ModelData.swift */,
				8CC43481297AAC5C00597B12 /* WeatherData.JSON */,
			);
			path = "Preview Content";
			sourceTree = "<group>";
		};
		8CC4347329798D2800597B12 /* Managers */ = {
			isa = PBXGroup;
			children = (
				8CC4347429798D3E00597B12 /* LocationManager.swift */,
				8CC4347B297AAAF500597B12 /* WeatherManager.swift */,
				8CC43483297AACDA00597B12 /* Extensions.swift */,
			);
			path = Managers;
			sourceTree = "<group>";
		};
		8CC4347629798E7000597B12 /* Views */ = {
			isa = PBXGroup;
			children = (
				8CC4346729798BF100597B12 /* ContentView.swift */,
				8CC4347729798EE000597B12 /* WelcomeView.swift */,
				8CC434792979932700597B12 /* LoadingView.swift */,
				8CC4347D297AABF600597B12 /* WeatherView.swift */,
			);
			path = Views;
			sourceTree = "<group>";
		};
/* End PBXGroup section */

/* Begin PBXNativeTarget section */
		8CC4346129798BF100597B12 /* WeatherAppSwiftUI */ = {
			isa = PBXNativeTarget;
			buildConfigurationList = 8CC4347029798BF300597B12 /* Build configuration list for PBXNativeTarget "WeatherAppSwiftUI" */;
			buildPhases = (
				8CC4345E29798BF100597B12 /* Sources */,
				8CC4345F29798BF100597B12 /* Frameworks */,
				8CC4346029798BF100597B12 /* Resources */,
			);
			buildRules = (
			);
			dependencies = (
			);
			name = WeatherAppSwiftUI;
			productName = WeatherAppSwiftUI;
			productReference = 8CC4346229798BF100597B12 /* WeatherAppSwiftUI.app */;
			productType = "com.apple.product-type.application";
		};
/* End PBXNativeTarget section */

/* Begin PBXProject section */
		8CC4345A29798BF100597B12 /* Project object */ = {
			isa = PBXProject;
			attributes = {
				BuildIndependentTargetsInParallel = 1;
				LastSwiftUpdateCheck = 1420;
				LastUpgradeCheck = 1420;
				TargetAttributes = {
					8CC4346129798BF100597B12 = {
						CreatedOnToolsVersion = 14.2;
					};
				};
			};
			buildConfigurationList = 8CC4345D29798BF100597B12 /* Build configuration list for PBXProject "WeatherAppSwiftUI" */;
			compatibilityVersion = "Xcode 14.0";
			developmentRegion = en;
			hasScannedForEncodings = 0;
			knownRegions = (
				en,
				Base,
			);
			mainGroup = 8CC4345929798BF100597B12;
			productRefGroup = 8CC4346329798BF100597B12 /* Products */;
			projectDirPath = "";
			projectRoot = "";
			targets = (
				8CC4346129798BF100597B12 /* WeatherAppSwiftUI */,
			);
		};
/* End PBXProject section */

/* Begin PBXResourcesBuildPhase section */
		8CC4346029798BF100597B12 /* Resources */ = {
			isa = PBXResourcesBuildPhase;
			buildActionMask = 2147483647;
			files = (
				8CC43482297AAC5C00597B12 /* WeatherData.JSON in Resources */,
				8CC4346D29798BF300597B12 /* Preview Assets.xcassets in Resources */,
				8CC4346A29798BF300597B12 /* Assets.xcassets in Resources */,
			);
			runOnlyForDeploymentPostprocessing = 0;
		};
/* End PBXResourcesBuildPhase section */

/* Begin PBXSourcesBuildPhase section */
		8CC4345E29798BF100597B12 /* Sources */ = {
			isa = PBXSourcesBuildPhase;
			buildActionMask = 2147483647;
			files = (
				8CC4347C297AAAF500597B12 /* WeatherManager.swift in Sources */,
				8CC43484297AACDA00597B12 /* Extensions.swift in Sources */,
				8CC4346829798BF100597B12 /* ContentView.swift in Sources */,
				8CC4346629798BF100597B12 /* WeatherAppSwiftUIApp.swift in Sources */,
				8CC4347529798D3E00597B12 /* LocationManager.swift in Sources */,
				8CC43486297AADA900597B12 /* WeatherRow.swift in Sources */,
				8CC4347A2979932700597B12 /* LoadingView.swift in Sources */,
				8CC43480297AAC2600597B12 /* ModelData.swift in Sources */,
				8CC4347E297AABF600597B12 /* WeatherView.swift in Sources */,
				8CC4347829798EE000597B12 /* WelcomeView.swift in Sources */,
			);
			runOnlyForDeploymentPostprocessing = 0;
		};
/* End PBXSourcesBuildPhase section */

/* Begin XCBuildConfiguration section */
		8CC4346E29798BF300597B12 /* Debug */ = {
			isa = XCBuildConfiguration;
			buildSettings = {
				ALWAYS_SEARCH_USER_PATHS = NO;
				CLANG_ANALYZER_NONNULL = YES;
				CLANG_ANALYZER_NUMBER_OBJECT_CONVERSION = YES_AGGRESSIVE;
				CLANG_CXX_LANGUAGE_STANDARD = "gnu++20";
				CLANG_ENABLE_MODULES = YES;
				CLANG_ENABLE_OBJC_ARC = YES;
				CLANG_ENABLE_OBJC_WEAK = YES;
				CLANG_WARN_BLOCK_CAPTURE_AUTORELEASING = YES;
				CLANG_WARN_BOOL_CONVERSION = YES;
				CLANG_WARN_COMMA = YES;
				CLANG_WARN_CONSTANT_CONVERSION = YES;
				CLANG_WARN_DEPRECATED_OBJC_IMPLEMENTATIONS = YES;
				CLANG_WARN_DIRECT_OBJC_ISA_USAGE = YES_ERROR;
				CLANG_WARN_DOCUMENTATION_COMMENTS = YES;
				CLANG_WARN_EMPTY_BODY = YES;
				CLANG_WARN_ENUM_CONVERSION = YES;
				CLANG_WARN_INFINITE_RECURSION = YES;
				CLANG_WARN_INT_CONVERSION = YES;
				CLANG_WARN_NON_LITERAL_NULL_CONVERSION = YES;
				CLANG_WARN_OBJC_IMPLICIT_RETAIN_SELF = YES;
				CLANG_WARN_OBJC_LITERAL_CONVERSION = YES;
				CLANG_WARN_OBJC_ROOT_CLASS = YES_ERROR;
				CLANG_WARN_QUOTED_INCLUDE_IN_FRAMEWORK_HEADER = YES;
				CLANG_WARN_RANGE_LOOP_ANALYSIS = YES;
				CLANG_WARN_STRICT_PROTOTYPES = YES;
				CLANG_WARN_SUSPICIOUS_MOVE = YES;
				CLANG_WARN_UNGUARDED_AVAILABILITY = YES_AGGRESSIVE;
				CLANG_WARN_UNREACHABLE_CODE = YES;
				CLANG_WARN__DUPLICATE_METHOD_MATCH = YES;
				COPY_PHASE_STRIP = NO;
				DEBUG_INFORMATION_FORMAT = dwarf;
				ENABLE_STRICT_OBJC_MSGSEND = YES;
				ENABLE_TESTABILITY = YES;
				GCC_C_LANGUAGE_STANDARD = gnu11;
				GCC_DYNAMIC_NO_PIC = NO;
				GCC_NO_COMMON_BLOCKS = YES;
				GCC_OPTIMIZATION_LEVEL = 0;
				GCC_PREPROCESSOR_DEFINITIONS = (
					"DEBUG=1",
					"$(inherited)",
				);
				GCC_WARN_64_TO_32_BIT_CONVERSION = YES;
				GCC_WARN_ABOUT_RETURN_TYPE = YES_ERROR;
				GCC_WARN_UNDECLARED_SELECTOR = YES;
				GCC_WARN_UNINITIALIZED_AUTOS = YES_AGGRESSIVE;
				GCC_WARN_UNUSED_FUNCTION = YES;
				GCC_WARN_UNUSED_VARIABLE = YES;
				IPHONEOS_DEPLOYMENT_TARGET = 16.2;
				MTL_ENABLE_DEBUG_INFO = INCLUDE_SOURCE;
				MTL_FAST_MATH = YES;
				ONLY_ACTIVE_ARCH = YES;
				SDKROOT = iphoneos;
				SWIFT_ACTIVE_COMPILATION_CONDITIONS = DEBUG;
				SWIFT_OPTIMIZATION_LEVEL = "-Onone";
			};
			name = Debug;
		};
		8CC4346F29798BF300597B12 /* Release */ = {
			isa = XCBuildConfiguration;
			buildSettings = {
				ALWAYS_SEARCH_USER_PATHS = NO;
				CLANG_ANALYZER_NONNULL = YES;
				CLANG_ANALYZER_NUMBER_OBJECT_CONVERSION = YES_AGGRESSIVE;
				CLANG_CXX_LANGUAGE_STANDARD = "gnu++20";
				CLANG_ENABLE_MODULES = YES;
				CLANG_ENABLE_OBJC_ARC = YES;
				CLANG_ENABLE_OBJC_WEAK = YES;
				CLANG_WARN_BLOCK_CAPTURE_AUTORELEASING = YES;
				CLANG_WARN_BOOL_CONVERSION = YES;
				CLANG_WARN_COMMA = YES;
				CLANG_WARN_CONSTANT_CONVERSION = YES;
				CLANG_WARN_DEPRECATED_OBJC_IMPLEMENTATIONS = YES;
				CLANG_WARN_DIRECT_OBJC_ISA_USAGE = YES_ERROR;
				CLANG_WARN_DOCUMENTATION_COMMENTS = YES;
				CLANG_WARN_EMPTY_BODY = YES;
				CLANG_WARN_ENUM_CONVERSION = YES;
				CLANG_WARN_INFINITE_RECURSION = YES;
				CLANG_WARN_INT_CONVERSION = YES;
				CLANG_WARN_NON_LITERAL_NULL_CONVERSION = YES;
				CLANG_WARN_OBJC_IMPLICIT_RETAIN_SELF = YES;
				CLANG_WARN_OBJC_LITERAL_CONVERSION = YES;
				CLANG_WARN_OBJC_ROOT_CLASS = YES_ERROR;
				CLANG_WARN_QUOTED_INCLUDE_IN_FRAMEWORK_HEADER = YES;
				CLANG_WARN_RANGE_LOOP_ANALYSIS = YES;
				CLANG_WARN_STRICT_PROTOTYPES = YES;
				CLANG_WARN_SUSPICIOUS_MOVE = YES;
				CLANG_WARN_UNGUARDED_AVAILABILITY = YES_AGGRESSIVE;
				CLANG_WARN_UNREACHABLE_CODE = YES;
				CLANG_WARN__DUPLICATE_METHOD_MATCH = YES;
				COPY_PHASE_STRIP = NO;
				DEBUG_INFORMATION_FORMAT = "dwarf-with-dsym";
				ENABLE_NS_ASSERTIONS = NO;
				ENABLE_STRICT_OBJC_MSGSEND = YES;
				GCC_C_LANGUAGE_STANDARD = gnu11;
				GCC_NO_COMMON_BLOCKS = YES;
				GCC_WARN_64_TO_32_BIT_CONVERSION = YES;
				GCC_WARN_ABOUT_RETURN_TYPE = YES_ERROR;
				GCC_WARN_UNDECLARED_SELECTOR = YES;
				GCC_WARN_UNINITIALIZED_AUTOS = YES_AGGRESSIVE;
				GCC_WARN_UNUSED_FUNCTION = YES;
				GCC_WARN_UNUSED_VARIABLE = YES;
				IPHONEOS_DEPLOYMENT_TARGET = 16.2;
				MTL_ENABLE_DEBUG_INFO = NO;
				MTL_FAST_MATH = YES;
				SDKROOT = iphoneos;
				SWIFT_COMPILATION_MODE = wholemodule;
				SWIFT_OPTIMIZATION_LEVEL = "-O";
				VALIDATE_PRODUCT = YES;
			};
			name = Release;
		};
		8CC4347129798BF300597B12 /* Debug */ = {
			isa = XCBuildConfiguration;
			buildSettings = {
				ASSETCATALOG_COMPILER_APPICON_NAME = AppIcon;
				ASSETCATALOG_COMPILER_GLOBAL_ACCENT_COLOR_NAME = AccentColor;
				CODE_SIGN_STYLE = Automatic;
				CURRENT_PROJECT_VERSION = 1;
				DEVELOPMENT_ASSET_PATHS = "\"WeatherAppSwiftUI/Preview Content\"";
				ENABLE_PREVIEWS = YES;
				GENERATE_INFOPLIST_FILE = YES;
				INFOPLIST_KEY_UIApplicationSceneManifest_Generation = YES;
				INFOPLIST_KEY_UIApplicationSupportsIndirectInputEvents = YES;
				INFOPLIST_KEY_UILaunchScreen_Generation = YES;
				INFOPLIST_KEY_UISupportedInterfaceOrientations_iPad = "UIInterfaceOrientationPortrait UIInterfaceOrientationPortraitUpsideDown UIInterfaceOrientationLandscapeLeft UIInterfaceOrientationLandscapeRight";
				INFOPLIST_KEY_UISupportedInterfaceOrientations_iPhone = "UIInterfaceOrientationPortrait UIInterfaceOrientationLandscapeLeft UIInterfaceOrientationLandscapeRight";
				IPHONEOS_DEPLOYMENT_TARGET = 15.1;
				LD_RUNPATH_SEARCH_PATHS = (
					"$(inherited)",
					"@executable_path/Frameworks",
				);
				MARKETING_VERSION = 1.0;
				PRODUCT_BUNDLE_IDENTIFIER = MalsagovMXX.WeatherAppSwiftUI;
				PRODUCT_NAME = "$(TARGET_NAME)";
				SUPPORTED_PLATFORMS = "iphoneos iphonesimulator";
				SUPPORTS_MACCATALYST = NO;
				SUPPORTS_MAC_DESIGNED_FOR_IPHONE_IPAD = NO;
				SWIFT_EMIT_LOC_STRINGS = YES;
				SWIFT_VERSION = 5.0;
				TARGETED_DEVICE_FAMILY = 1;
			};
			name = Debug;
		};
		8CC4347229798BF300597B12 /* Release */ = {
			isa = XCBuildConfiguration;
			buildSettings = {
				ASSETCATALOG_COMPILER_APPICON_NAME = AppIcon;
				ASSETCATALOG_COMPILER_GLOBAL_ACCENT_COLOR_NAME = AccentColor;
				CODE_SIGN_STYLE = Automatic;
				CURRENT_PROJECT_VERSION = 1;
				DEVELOPMENT_ASSET_PATHS = "\"WeatherAppSwiftUI/Preview Content\"";
				ENABLE_PREVIEWS = YES;
				GENERATE_INFOPLIST_FILE = YES;
				INFOPLIST_KEY_UIApplicationSceneManifest_Generation = YES;
				INFOPLIST_KEY_UIApplicationSupportsIndirectInputEvents = YES;
				INFOPLIST_KEY_UILaunchScreen_Generation = YES;
				INFOPLIST_KEY_UISupportedInterfaceOrientations_iPad = "UIInterfaceOrientationPortrait UIInterfaceOrientationPortraitUpsideDown UIInterfaceOrientationLandscapeLeft UIInterfaceOrientationLandscapeRight";
				INFOPLIST_KEY_UISupportedInterfaceOrientations_iPhone = "UIInterfaceOrientationPortrait UIInterfaceOrientationLandscapeLeft UIInterfaceOrientationLandscapeRight";
				IPHONEOS_DEPLOYMENT_TARGET = 15.1;
				LD_RUNPATH_SEARCH_PATHS = (
					"$(inherited)",
					"@executable_path/Frameworks",
				);
				MARKETING_VERSION = 1.0;
				PRODUCT_BUNDLE_IDENTIFIER = MalsagovMXX.WeatherAppSwiftUI;
				PRODUCT_NAME = "$(TARGET_NAME)";
				SUPPORTED_PLATFORMS = "iphoneos iphonesimulator";
				SUPPORTS_MACCATALYST = NO;
				SUPPORTS_MAC_DESIGNED_FOR_IPHONE_IPAD = NO;
				SWIFT_EMIT_LOC_STRINGS = YES;
				SWIFT_VERSION = 5.0;
				TARGETED_DEVICE_FAMILY = 1;
			};
			name = Release;
		};
/* End XCBuildConfiguration section */

/* Begin XCConfigurationList section */
		8CC4345D29798BF100597B12 /* Build configuration list for PBXProject "WeatherAppSwiftUI" */ = {
			isa = XCConfigurationList;
			buildConfigurations = (
				8CC4346E29798BF300597B12 /* Debug */,
				8CC4346F29798BF300597B12 /* Release */,
			);
			defaultConfigurationIsVisible = 0;
			defaultConfigurationName = Release;
		};
		8CC4347029798BF300597B12 /* Build configuration list for PBXNativeTarget "WeatherAppSwiftUI" */ = {
			isa = XCConfigurationList;
			buildConfigurations = (
				8CC4347129798BF300597B12 /* Debug */,
				8CC4347229798BF300597B12 /* Release */,
			);
			defaultConfigurationIsVisible = 0;
			defaultConfigurationName = Release;
		};
/* End XCConfigurationList section */
	};
	rootObject = 8CC4345A29798BF100597B12 /* Project object */;
}
