// !$*UTF8*$!
{
	archiveVersion = 1;
	classes = {
	};
	objectVersion = 56;
	objects = {

/* Begin PBXBuildFile section */
		8C2961292968C3A900D77D35 /* AppDelegate.swift in Sources */ = {isa = PBXBuildFile; fileRef = 8C2961282968C3A900D77D35 /* AppDelegate.swift */; };
		8C29612B2968C3A900D77D35 /* SceneDelegate.swift in Sources */ = {isa = PBXBuildFile; fileRef = 8C29612A2968C3A900D77D35 /* SceneDelegate.swift */; };
		8C29612D2968C3A900D77D35 /* ViewController.swift in Sources */ = {isa = PBXBuildFile; fileRef = 8C29612C2968C3A900D77D35 /* ViewController.swift */; };
		8C2961302968C3A900D77D35 /* Main.storyboard in Resources */ = {isa = PBXBuildFile; fileRef = 8C29612E2968C3A900D77D35 /* Main.storyboard */; };
		8C2961322968C3AA00D77D35 /* Assets.xcassets in Resources */ = {isa = PBXBuildFile; fileRef = 8C2961312968C3AA00D77D35 /* Assets.xcassets */; };
		8C2961352968C3AA00D77D35 /* LaunchScreen.storyboard in Resources */ = {isa = PBXBuildFile; fileRef = 8C2961332968C3AA00D77D35 /* LaunchScreen.storyboard */; };
		8C2961402968C76C00D77D35 /* CollectionTableViewCell.swift in Sources */ = {isa = PBXBuildFile; fileRef = 8C29613F2968C76C00D77D35 /* CollectionTableViewCell.swift */; };
		8C2961422968C79A00D77D35 /* TableCollectionViewCell.swift in Sources */ = {isa = PBXBuildFile; fileRef = 8C2961412968C79A00D77D35 /* TableCollectionViewCell.swift */; };
		8C2961652969671A00D77D35 /* Models.swift in Sources */ = {isa = PBXBuildFile; fileRef = 8C2961642969671A00D77D35 /* Models.swift */; };
		8C296167296DCAA400D77D35 /* MyVideo.mp4 in Resources */ = {isa = PBXBuildFile; fileRef = 8C296166296DCAA400D77D35 /* MyVideo.mp4 */; };
/* End PBXBuildFile section */

/* Begin PBXFileReference section */
		8C2961252968C3A900D77D35 /* TableViwqApp.app */ = {isa = PBXFileReference; explicitFileType = wrapper.application; includeInIndex = 0; path = TableViwqApp.app; sourceTree = BUILT_PRODUCTS_DIR; };
		8C2961282968C3A900D77D35 /* AppDelegate.swift */ = {isa = PBXFileReference; lastKnownFileType = sourcecode.swift; path = AppDelegate.swift; sourceTree = "<group>"; };
		8C29612A2968C3A900D77D35 /* SceneDelegate.swift */ = {isa = PBXFileReference; lastKnownFileType = sourcecode.swift; path = SceneDelegate.swift; sourceTree = "<group>"; };
		8C29612C2968C3A900D77D35 /* ViewController.swift */ = {isa = PBXFileReference; lastKnownFileType = sourcecode.swift; path = ViewController.swift; sourceTree = "<group>"; };
		8C29612F2968C3A900D77D35 /* Base */ = {isa = PBXFileReference; lastKnownFileType = file.storyboard; name = Base; path = Base.lproj/Main.storyboard; sourceTree = "<group>"; };
		8C2961312968C3AA00D77D35 /* Assets.xcassets */ = {isa = PBXFileReference; lastKnownFileType = folder.assetcatalog; path = Assets.xcassets; sourceTree = "<group>"; };
		8C2961342968C3AA00D77D35 /* Base */ = {isa = PBXFileReference; lastKnownFileType = file.storyboard; name = Base; path = Base.lproj/LaunchScreen.storyboard; sourceTree = "<group>"; };
		8C2961362968C3AA00D77D35 /* Info.plist */ = {isa = PBXFileReference; lastKnownFileType = text.plist.xml; path = Info.plist; sourceTree = "<group>"; };
		8C29613F2968C76C00D77D35 /* CollectionTableViewCell.swift */ = {isa = PBXFileReference; lastKnownFileType = sourcecode.swift; path = CollectionTableViewCell.swift; sourceTree = "<group>"; };
		8C2961412968C79A00D77D35 /* TableCollectionViewCell.swift */ = {isa = PBXFileReference; lastKnownFileType = sourcecode.swift; path = TableCollectionViewCell.swift; sourceTree = "<group>"; };
		8C2961642969671A00D77D35 /* Models.swift */ = {isa = PBXFileReference; lastKnownFileType = sourcecode.swift; path = Models.swift; sourceTree = "<group>"; };
		8C296166296DCAA400D77D35 /* MyVideo.mp4 */ = {isa = PBXFileReference; lastKnownFileType = file; path = MyVideo.mp4; sourceTree = "<group>"; };
/* End PBXFileReference section */

/* Begin PBXFrameworksBuildPhase section */
		8C2961222968C3A900D77D35 /* Frameworks */ = {
			isa = PBXFrameworksBuildPhase;
			buildActionMask = 2147483647;
			files = (
			);
			runOnlyForDeploymentPostprocessing = 0;
		};
/* End PBXFrameworksBuildPhase section */

/* Begin PBXGroup section */
		8C29611C2968C3A900D77D35 = {
			isa = PBXGroup;
			children = (
				8C2961272968C3A900D77D35 /* TableViwqApp */,
				8C2961262968C3A900D77D35 /* Products */,
			);
			sourceTree = "<group>";
		};
		8C2961262968C3A900D77D35 /* Products */ = {
			isa = PBXGroup;
			children = (
				8C2961252968C3A900D77D35 /* TableViwqApp.app */,
			);
			name = Products;
			sourceTree = "<group>";
		};
		8C2961272968C3A900D77D35 /* TableViwqApp */ = {
			isa = PBXGroup;
			children = (
				8C29613E2968C73E00D77D35 /* Cells */,
				8C2961282968C3A900D77D35 /* AppDelegate.swift */,
				8C296166296DCAA400D77D35 /* MyVideo.mp4 */,
				8C29613F2968C76C00D77D35 /* CollectionTableViewCell.swift */,
				8C2961642969671A00D77D35 /* Models.swift */,
				8C2961412968C79A00D77D35 /* TableCollectionViewCell.swift */,
				8C29612A2968C3A900D77D35 /* SceneDelegate.swift */,
				8C29612C2968C3A900D77D35 /* ViewController.swift */,
				8C29612E2968C3A900D77D35 /* Main.storyboard */,
				8C2961632968CC4300D77D35 /* New Group */,
				8C2961332968C3AA00D77D35 /* LaunchScreen.storyboard */,
				8C2961362968C3AA00D77D35 /* Info.plist */,
			);
			path = TableViwqApp;
			sourceTree = "<group>";
		};
		8C29613E2968C73E00D77D35 /* Cells */ = {
			isa = PBXGroup;
			children = (
			);
			path = Cells;
			sourceTree = "<group>";
		};
		8C2961632968CC4300D77D35 /* New Group */ = {
			isa = PBXGroup;
			children = (
				8C2961312968C3AA00D77D35 /* Assets.xcassets */,
			);
			path = "New Group";
			sourceTree = "<group>";
		};
/* End PBXGroup section */

/* Begin PBXNativeTarget section */
		8C2961242968C3A900D77D35 /* TableViwqApp */ = {
			isa = PBXNativeTarget;
			buildConfigurationList = 8C2961392968C3AA00D77D35 /* Build configuration list for PBXNativeTarget "TableViwqApp" */;
			buildPhases = (
				8C2961212968C3A900D77D35 /* Sources */,
				8C2961222968C3A900D77D35 /* Frameworks */,
				8C2961232968C3A900D77D35 /* Resources */,
			);
			buildRules = (
			);
			dependencies = (
			);
			name = TableViwqApp;
			productName = TableViwqApp;
			productReference = 8C2961252968C3A900D77D35 /* TableViwqApp.app */;
			productType = "com.apple.product-type.application";
		};
/* End PBXNativeTarget section */

/* Begin PBXProject section */
		8C29611D2968C3A900D77D35 /* Project object */ = {
			isa = PBXProject;
			attributes = {
				BuildIndependentTargetsInParallel = 1;
				LastSwiftUpdateCheck = 1420;
				LastUpgradeCheck = 1420;
				TargetAttributes = {
					8C2961242968C3A900D77D35 = {
						CreatedOnToolsVersion = 14.2;
					};
				};
			};
			buildConfigurationList = 8C2961202968C3A900D77D35 /* Build configuration list for PBXProject "TableViwqApp" */;
			compatibilityVersion = "Xcode 14.0";
			developmentRegion = en;
			hasScannedForEncodings = 0;
			knownRegions = (
				en,
				Base,
			);
			mainGroup = 8C29611C2968C3A900D77D35;
			productRefGroup = 8C2961262968C3A900D77D35 /* Products */;
			projectDirPath = "";
			projectRoot = "";
			targets = (
				8C2961242968C3A900D77D35 /* TableViwqApp */,
			);
		};
/* End PBXProject section */

/* Begin PBXResourcesBuildPhase section */
		8C2961232968C3A900D77D35 /* Resources */ = {
			isa = PBXResourcesBuildPhase;
			buildActionMask = 2147483647;
			files = (
				8C2961352968C3AA00D77D35 /* LaunchScreen.storyboard in Resources */,
				8C2961322968C3AA00D77D35 /* Assets.xcassets in Resources */,
				8C2961302968C3A900D77D35 /* Main.storyboard in Resources */,
				8C296167296DCAA400D77D35 /* MyVideo.mp4 in Resources */,
			);
			runOnlyForDeploymentPostprocessing = 0;
		};
/* End PBXResourcesBuildPhase section */

/* Begin PBXSourcesBuildPhase section */
		8C2961212968C3A900D77D35 /* Sources */ = {
			isa = PBXSourcesBuildPhase;
			buildActionMask = 2147483647;
			files = (
				8C29612D2968C3A900D77D35 /* ViewController.swift in Sources */,
				8C2961292968C3A900D77D35 /* AppDelegate.swift in Sources */,
				8C29612B2968C3A900D77D35 /* SceneDelegate.swift in Sources */,
				8C2961652969671A00D77D35 /* Models.swift in Sources */,
				8C2961422968C79A00D77D35 /* TableCollectionViewCell.swift in Sources */,
				8C2961402968C76C00D77D35 /* CollectionTableViewCell.swift in Sources */,
			);
			runOnlyForDeploymentPostprocessing = 0;
		};
/* End PBXSourcesBuildPhase section */

/* Begin PBXVariantGroup section */
		8C29612E2968C3A900D77D35 /* Main.storyboard */ = {
			isa = PBXVariantGroup;
			children = (
				8C29612F2968C3A900D77D35 /* Base */,
			);
			name = Main.storyboard;
			sourceTree = "<group>";
		};
		8C2961332968C3AA00D77D35 /* LaunchScreen.storyboard */ = {
			isa = PBXVariantGroup;
			children = (
				8C2961342968C3AA00D77D35 /* Base */,
			);
			name = LaunchScreen.storyboard;
			sourceTree = "<group>";
		};
/* End PBXVariantGroup section */

/* Begin XCBuildConfiguration section */
		8C2961372968C3AA00D77D35 /* Debug */ = {
			isa = XCBuildConfiguration;
			buildSettings = {
				ALWAYS_SEARCH_USER_PATHS = NO;
				CLANG_ANALYZER_NONNULL = YES;
				CLANG_ANALYZER_NUMBER_OBJECT_CONVERSION = YES_AGGRESSIVE;
				CLANG_CXX_LANGUAGE_STANDARD = "gnu++20";
				CLANG_ENABLE_MODULES = YES;
				CLANG_ENABLE_OBJC_ARC = YES;
				CLANG_ENABLE_OBJC_WEAK = YES;
				CLANG_WARN_BLOCK_CAPTURE_AUTORELEASING = YES;
				CLANG_WARN_BOOL_CONVERSION = YES;
				CLANG_WARN_COMMA = YES;
				CLANG_WARN_CONSTANT_CONVERSION = YES;
				CLANG_WARN_DEPRECATED_OBJC_IMPLEMENTATIONS = YES;
				CLANG_WARN_DIRECT_OBJC_ISA_USAGE = YES_ERROR;
				CLANG_WARN_DOCUMENTATION_COMMENTS = YES;
				CLANG_WARN_EMPTY_BODY = YES;
				CLANG_WARN_ENUM_CONVERSION = YES;
				CLANG_WARN_INFINITE_RECURSION = YES;
				CLANG_WARN_INT_CONVERSION = YES;
				CLANG_WARN_NON_LITERAL_NULL_CONVERSION = YES;
				CLANG_WARN_OBJC_IMPLICIT_RETAIN_SELF = YES;
				CLANG_WARN_OBJC_LITERAL_CONVERSION = YES;
				CLANG_WARN_OBJC_ROOT_CLASS = YES_ERROR;
				CLANG_WARN_QUOTED_INCLUDE_IN_FRAMEWORK_HEADER = YES;
				CLANG_WARN_RANGE_LOOP_ANALYSIS = YES;
				CLANG_WARN_STRICT_PROTOTYPES = YES;
				CLANG_WARN_SUSPICIOUS_MOVE = YES;
				CLANG_WARN_UNGUARDED_AVAILABILITY = YES_AGGRESSIVE;
				CLANG_WARN_UNREACHABLE_CODE = YES;
				CLANG_WARN__DUPLICATE_METHOD_MATCH = YES;
				COPY_PHASE_STRIP = NO;
				DEBUG_INFORMATION_FORMAT = dwarf;
				ENABLE_STRICT_OBJC_MSGSEND = YES;
				ENABLE_TESTABILITY = YES;
				GCC_C_LANGUAGE_STANDARD = gnu11;
				GCC_DYNAMIC_NO_PIC = NO;
				GCC_NO_COMMON_BLOCKS = YES;
				GCC_OPTIMIZATION_LEVEL = 0;
				GCC_PREPROCESSOR_DEFINITIONS = (
					"DEBUG=1",
					"$(inherited)",
				);
				GCC_WARN_64_TO_32_BIT_CONVERSION = YES;
				GCC_WARN_ABOUT_RETURN_TYPE = YES_ERROR;
				GCC_WARN_UNDECLARED_SELECTOR = YES;
				GCC_WARN_UNINITIALIZED_AUTOS = YES_AGGRESSIVE;
				GCC_WARN_UNUSED_FUNCTION = YES;
				GCC_WARN_UNUSED_VARIABLE = YES;
				IPHONEOS_DEPLOYMENT_TARGET = 16.2;
				MTL_ENABLE_DEBUG_INFO = INCLUDE_SOURCE;
				MTL_FAST_MATH = YES;
				ONLY_ACTIVE_ARCH = YES;
				SDKROOT = iphoneos;
				SWIFT_ACTIVE_COMPILATION_CONDITIONS = DEBUG;
				SWIFT_OPTIMIZATION_LEVEL = "-Onone";
			};
			name = Debug;
		};
		8C2961382968C3AA00D77D35 /* Release */ = {
			isa = XCBuildConfiguration;
			buildSettings = {
				ALWAYS_SEARCH_USER_PATHS = NO;
				CLANG_ANALYZER_NONNULL = YES;
				CLANG_ANALYZER_NUMBER_OBJECT_CONVERSION = YES_AGGRESSIVE;
				CLANG_CXX_LANGUAGE_STANDARD = "gnu++20";
				CLANG_ENABLE_MODULES = YES;
				CLANG_ENABLE_OBJC_ARC = YES;
				CLANG_ENABLE_OBJC_WEAK = YES;
				CLANG_WARN_BLOCK_CAPTURE_AUTORELEASING = YES;
				CLANG_WARN_BOOL_CONVERSION = YES;
				CLANG_WARN_COMMA = YES;
				CLANG_WARN_CONSTANT_CONVERSION = YES;
				CLANG_WARN_DEPRECATED_OBJC_IMPLEMENTATIONS = YES;
				CLANG_WARN_DIRECT_OBJC_ISA_USAGE = YES_ERROR;
				CLANG_WARN_DOCUMENTATION_COMMENTS = YES;
				CLANG_WARN_EMPTY_BODY = YES;
				CLANG_WARN_ENUM_CONVERSION = YES;
				CLANG_WARN_INFINITE_RECURSION = YES;
				CLANG_WARN_INT_CONVERSION = YES;
				CLANG_WARN_NON_LITERAL_NULL_CONVERSION = YES;
				CLANG_WARN_OBJC_IMPLICIT_RETAIN_SELF = YES;
				CLANG_WARN_OBJC_LITERAL_CONVERSION = YES;
				CLANG_WARN_OBJC_ROOT_CLASS = YES_ERROR;
				CLANG_WARN_QUOTED_INCLUDE_IN_FRAMEWORK_HEADER = YES;
				CLANG_WARN_RANGE_LOOP_ANALYSIS = YES;
				CLANG_WARN_STRICT_PROTOTYPES = YES;
				CLANG_WARN_SUSPICIOUS_MOVE = YES;
				CLANG_WARN_UNGUARDED_AVAILABILITY = YES_AGGRESSIVE;
				CLANG_WARN_UNREACHABLE_CODE = YES;
				CLANG_WARN__DUPLICATE_METHOD_MATCH = YES;
				COPY_PHASE_STRIP = NO;
				DEBUG_INFORMATION_FORMAT = "dwarf-with-dsym";
				ENABLE_NS_ASSERTIONS = NO;
				ENABLE_STRICT_OBJC_MSGSEND = YES;
				GCC_C_LANGUAGE_STANDARD = gnu11;
				GCC_NO_COMMON_BLOCKS = YES;
				GCC_WARN_64_TO_32_BIT_CONVERSION = YES;
				GCC_WARN_ABOUT_RETURN_TYPE = YES_ERROR;
				GCC_WARN_UNDECLARED_SELECTOR = YES;
				GCC_WARN_UNINITIALIZED_AUTOS = YES_AGGRESSIVE;
				GCC_WARN_UNUSED_FUNCTION = YES;
				GCC_WARN_UNUSED_VARIABLE = YES;
				IPHONEOS_DEPLOYMENT_TARGET = 16.2;
				MTL_ENABLE_DEBUG_INFO = NO;
				MTL_FAST_MATH = YES;
				SDKROOT = iphoneos;
				SWIFT_COMPILATION_MODE = wholemodule;
				SWIFT_OPTIMIZATION_LEVEL = "-O";
				VALIDATE_PRODUCT = YES;
			};
			name = Release;
		};
		8C29613A2968C3AA00D77D35 /* Debug */ = {
			isa = XCBuildConfiguration;
			buildSettings = {
				ASSETCATALOG_COMPILER_APPICON_NAME = AppIcon;
				ASSETCATALOG_COMPILER_GLOBAL_ACCENT_COLOR_NAME = AccentColor;
				CODE_SIGN_STYLE = Automatic;
				CURRENT_PROJECT_VERSION = 1;
				GENERATE_INFOPLIST_FILE = YES;
				INFOPLIST_FILE = TableViwqApp/Info.plist;
				INFOPLIST_KEY_UIApplicationSupportsIndirectInputEvents = YES;
				INFOPLIST_KEY_UILaunchStoryboardName = LaunchScreen;
				INFOPLIST_KEY_UIMainStoryboardFile = Main;
				INFOPLIST_KEY_UISupportedInterfaceOrientations = UIInterfaceOrientationPortrait;
				INFOPLIST_KEY_UISupportedInterfaceOrientations_iPad = "UIInterfaceOrientationLandscapeLeft UIInterfaceOrientationLandscapeRight UIInterfaceOrientationPortrait UIInterfaceOrientationPortraitUpsideDown";
				LD_RUNPATH_SEARCH_PATHS = (
					"$(inherited)",
					"@executable_path/Frameworks",
				);
				MARKETING_VERSION = 1.0;
				PRODUCT_BUNDLE_IDENTIFIER = MalsagovMXX.TableViwqApp;
				PRODUCT_NAME = "$(TARGET_NAME)";
				SUPPORTED_PLATFORMS = "iphoneos iphonesimulator";
				SUPPORTS_MACCATALYST = NO;
				SUPPORTS_MAC_DESIGNED_FOR_IPHONE_IPAD = NO;
				SWIFT_EMIT_LOC_STRINGS = YES;
				SWIFT_VERSION = 5.0;
				TARGETED_DEVICE_FAMILY = 1;
			};
			name = Debug;
		};
		8C29613B2968C3AA00D77D35 /* Release */ = {
			isa = XCBuildConfiguration;
			buildSettings = {
				ASSETCATALOG_COMPILER_APPICON_NAME = AppIcon;
				ASSETCATALOG_COMPILER_GLOBAL_ACCENT_COLOR_NAME = AccentColor;
				CODE_SIGN_STYLE = Automatic;
				CURRENT_PROJECT_VERSION = 1;
				GENERATE_INFOPLIST_FILE = YES;
				INFOPLIST_FILE = TableViwqApp/Info.plist;
				INFOPLIST_KEY_UIApplicationSupportsIndirectInputEvents = YES;
				INFOPLIST_KEY_UILaunchStoryboardName = LaunchScreen;
				INFOPLIST_KEY_UIMainStoryboardFile = Main;
				INFOPLIST_KEY_UISupportedInterfaceOrientations = UIInterfaceOrientationPortrait;
				INFOPLIST_KEY_UISupportedInterfaceOrientations_iPad = "UIInterfaceOrientationLandscapeLeft UIInterfaceOrientationLandscapeRight UIInterfaceOrientationPortrait UIInterfaceOrientationPortraitUpsideDown";
				LD_RUNPATH_SEARCH_PATHS = (
					"$(inherited)",
					"@executable_path/Frameworks",
				);
				MARKETING_VERSION = 1.0;
				PRODUCT_BUNDLE_IDENTIFIER = MalsagovMXX.TableViwqApp;
				PRODUCT_NAME = "$(TARGET_NAME)";
				SUPPORTED_PLATFORMS = "iphoneos iphonesimulator";
				SUPPORTS_MACCATALYST = NO;
				SUPPORTS_MAC_DESIGNED_FOR_IPHONE_IPAD = NO;
				SWIFT_EMIT_LOC_STRINGS = YES;
				SWIFT_VERSION = 5.0;
				TARGETED_DEVICE_FAMILY = 1;
			};
			name = Release;
		};
/* End XCBuildConfiguration section */

/* Begin XCConfigurationList section */
		8C2961202968C3A900D77D35 /* Build configuration list for PBXProject "TableViwqApp" */ = {
			isa = XCConfigurationList;
			buildConfigurations = (
				8C2961372968C3AA00D77D35 /* Debug */,
				8C2961382968C3AA00D77D35 /* Release */,
			);
			defaultConfigurationIsVisible = 0;
			defaultConfigurationName = Release;
		};
		8C2961392968C3AA00D77D35 /* Build configuration list for PBXNativeTarget "TableViwqApp" */ = {
			isa = XCConfigurationList;
			buildConfigurations = (
				8C29613A2968C3AA00D77D35 /* Debug */,
				8C29613B2968C3AA00D77D35 /* Release */,
			);
			defaultConfigurationIsVisible = 0;
			defaultConfigurationName = Release;
		};
/* End XCConfigurationList section */
	};
	rootObject = 8C29611D2968C3A900D77D35 /* Project object */;
}
