// !$*UTF8*$!
{
	archiveVersion = 1;
	classes = {
	};
	objectVersion = 56;
	objects = {

/* Begin PBXBuildFile section */
		8C2960D02964319400D77D35 /* MovieTableViewCell.swift in Sources */ = {isa = PBXBuildFile; fileRef = 8C2960CF2964319400D77D35 /* MovieTableViewCell.swift */; };
		8C2960D22964347100D77D35 /* MovieViewController.swift in Sources */ = {isa = PBXBuildFile; fileRef = 8C2960D12964347100D77D35 /* MovieViewController.swift */; };
		8C51FC2B2964242500EE4FD3 /* AppDelegate.swift in Sources */ = {isa = PBXBuildFile; fileRef = 8C51FC2A2964242500EE4FD3 /* AppDelegate.swift */; };
		8C51FC2D2964242500EE4FD3 /* SceneDelegate.swift in Sources */ = {isa = PBXBuildFile; fileRef = 8C51FC2C2964242500EE4FD3 /* SceneDelegate.swift */; };
		8C51FC2F2964242500EE4FD3 /* ViewController.swift in Sources */ = {isa = PBXBuildFile; fileRef = 8C51FC2E2964242500EE4FD3 /* ViewController.swift */; };
		8C51FC322964242500EE4FD3 /* Main.storyboard in Resources */ = {isa = PBXBuildFile; fileRef = 8C51FC302964242500EE4FD3 /* Main.storyboard */; };
		8C51FC342964242800EE4FD3 /* Assets.xcassets in Resources */ = {isa = PBXBuildFile; fileRef = 8C51FC332964242800EE4FD3 /* Assets.xcassets */; };
		8C51FC372964242800EE4FD3 /* LaunchScreen.storyboard in Resources */ = {isa = PBXBuildFile; fileRef = 8C51FC352964242800EE4FD3 /* LaunchScreen.storyboard */; };
		8C51FC3F2964245C00EE4FD3 /* Model.swift in Sources */ = {isa = PBXBuildFile; fileRef = 8C51FC3E2964245C00EE4FD3 /* Model.swift */; };
		8C51FC412964258F00EE4FD3 /* ApiService.swift in Sources */ = {isa = PBXBuildFile; fileRef = 8C51FC402964258F00EE4FD3 /* ApiService.swift */; };
		8C51FC43296428F200EE4FD3 /* MovieViewModel.swift in Sources */ = {isa = PBXBuildFile; fileRef = 8C51FC42296428F200EE4FD3 /* MovieViewModel.swift */; };
/* End PBXBuildFile section */

/* Begin PBXFileReference section */
		8C2960CF2964319400D77D35 /* MovieTableViewCell.swift */ = {isa = PBXFileReference; lastKnownFileType = sourcecode.swift; path = MovieTableViewCell.swift; sourceTree = "<group>"; };
		8C2960D12964347100D77D35 /* MovieViewController.swift */ = {isa = PBXFileReference; lastKnownFileType = sourcecode.swift; path = MovieViewController.swift; sourceTree = "<group>"; };
		8C51FC272964242500EE4FD3 /* MoviesApp(Working with REST API).app */ = {isa = PBXFileReference; explicitFileType = wrapper.application; includeInIndex = 0; path = "MoviesApp(Working with REST API).app"; sourceTree = BUILT_PRODUCTS_DIR; };
		8C51FC2A2964242500EE4FD3 /* AppDelegate.swift */ = {isa = PBXFileReference; lastKnownFileType = sourcecode.swift; path = AppDelegate.swift; sourceTree = "<group>"; };
		8C51FC2C2964242500EE4FD3 /* SceneDelegate.swift */ = {isa = PBXFileReference; lastKnownFileType = sourcecode.swift; path = SceneDelegate.swift; sourceTree = "<group>"; };
		8C51FC2E2964242500EE4FD3 /* ViewController.swift */ = {isa = PBXFileReference; lastKnownFileType = sourcecode.swift; path = ViewController.swift; sourceTree = "<group>"; };
		8C51FC312964242500EE4FD3 /* Base */ = {isa = PBXFileReference; lastKnownFileType = file.storyboard; name = Base; path = Base.lproj/Main.storyboard; sourceTree = "<group>"; };
		8C51FC332964242800EE4FD3 /* Assets.xcassets */ = {isa = PBXFileReference; lastKnownFileType = folder.assetcatalog; path = Assets.xcassets; sourceTree = "<group>"; };
		8C51FC362964242800EE4FD3 /* Base */ = {isa = PBXFileReference; lastKnownFileType = file.storyboard; name = Base; path = Base.lproj/LaunchScreen.storyboard; sourceTree = "<group>"; };
		8C51FC382964242800EE4FD3 /* Info.plist */ = {isa = PBXFileReference; lastKnownFileType = text.plist.xml; path = Info.plist; sourceTree = "<group>"; };
		8C51FC3E2964245C00EE4FD3 /* Model.swift */ = {isa = PBXFileReference; lastKnownFileType = sourcecode.swift; path = Model.swift; sourceTree = "<group>"; };
		8C51FC402964258F00EE4FD3 /* ApiService.swift */ = {isa = PBXFileReference; lastKnownFileType = sourcecode.swift; path = ApiService.swift; sourceTree = "<group>"; };
		8C51FC42296428F200EE4FD3 /* MovieViewModel.swift */ = {isa = PBXFileReference; lastKnownFileType = sourcecode.swift; path = MovieViewModel.swift; sourceTree = "<group>"; };
/* End PBXFileReference section */

/* Begin PBXFrameworksBuildPhase section */
		8C51FC242964242500EE4FD3 /* Frameworks */ = {
			isa = PBXFrameworksBuildPhase;
			buildActionMask = 2147483647;
			files = (
			);
			runOnlyForDeploymentPostprocessing = 0;
		};
/* End PBXFrameworksBuildPhase section */

/* Begin PBXGroup section */
		8C2960D3296434A000D77D35 /* NetworkManager */ = {
			isa = PBXGroup;
			children = (
				8C51FC2C2964242500EE4FD3 /* SceneDelegate.swift */,
				8C51FC2A2964242500EE4FD3 /* AppDelegate.swift */,
				8C51FC402964258F00EE4FD3 /* ApiService.swift */,
			);
			path = NetworkManager;
			sourceTree = "<group>";
		};
		8C2960D4296434AD00D77D35 /* Controller */ = {
			isa = PBXGroup;
			children = (
			);
			path = Controller;
			sourceTree = "<group>";
		};
		8C2960D5296434B800D77D35 /* ViewModel */ = {
			isa = PBXGroup;
			children = (
				8C51FC42296428F200EE4FD3 /* MovieViewModel.swift */,
				8C51FC3E2964245C00EE4FD3 /* Model.swift */,
			);
			path = ViewModel;
			sourceTree = "<group>";
		};
		8C2960D6296434DA00D77D35 /* View */ = {
			isa = PBXGroup;
			children = (
				8C51FC302964242500EE4FD3 /* Main.storyboard */,
				8C2960CF2964319400D77D35 /* MovieTableViewCell.swift */,
			);
			path = View;
			sourceTree = "<group>";
		};
		8C2960D7296434E500D77D35 /* Model */ = {
			isa = PBXGroup;
			children = (
			);
			path = Model;
			sourceTree = "<group>";
		};
		8C51FC1E2964242500EE4FD3 = {
			isa = PBXGroup;
			children = (
				8C51FC292964242500EE4FD3 /* MoviesApp(Working with REST API) */,
				8C51FC282964242500EE4FD3 /* Products */,
			);
			sourceTree = "<group>";
		};
		8C51FC282964242500EE4FD3 /* Products */ = {
			isa = PBXGroup;
			children = (
				8C51FC272964242500EE4FD3 /* MoviesApp(Working with REST API).app */,
			);
			name = Products;
			sourceTree = "<group>";
		};
		8C51FC292964242500EE4FD3 /* MoviesApp(Working with REST API) */ = {
			isa = PBXGroup;
			children = (
				8C2960D5296434B800D77D35 /* ViewModel */,
				8C2960D3296434A000D77D35 /* NetworkManager */,
				8C2960D6296434DA00D77D35 /* View */,
				8C51FC2E2964242500EE4FD3 /* ViewController.swift */,
				8C2960D4296434AD00D77D35 /* Controller */,
				8C2960D12964347100D77D35 /* MovieViewController.swift */,
				8C2960D7296434E500D77D35 /* Model */,
				8C51FC332964242800EE4FD3 /* Assets.xcassets */,
				8C51FC352964242800EE4FD3 /* LaunchScreen.storyboard */,
				8C51FC382964242800EE4FD3 /* Info.plist */,
			);
			path = "MoviesApp(Working with REST API)";
			sourceTree = "<group>";
		};
/* End PBXGroup section */

/* Begin PBXNativeTarget section */
		8C51FC262964242500EE4FD3 /* MoviesApp(Working with REST API) */ = {
			isa = PBXNativeTarget;
			buildConfigurationList = 8C51FC3B2964242800EE4FD3 /* Build configuration list for PBXNativeTarget "MoviesApp(Working with REST API)" */;
			buildPhases = (
				8C51FC232964242500EE4FD3 /* Sources */,
				8C51FC242964242500EE4FD3 /* Frameworks */,
				8C51FC252964242500EE4FD3 /* Resources */,
			);
			buildRules = (
			);
			dependencies = (
			);
			name = "MoviesApp(Working with REST API)";
			productName = "MoviesApp(Working with REST API)";
			productReference = 8C51FC272964242500EE4FD3 /* MoviesApp(Working with REST API).app */;
			productType = "com.apple.product-type.application";
		};
/* End PBXNativeTarget section */

/* Begin PBXProject section */
		8C51FC1F2964242500EE4FD3 /* Project object */ = {
			isa = PBXProject;
			attributes = {
				BuildIndependentTargetsInParallel = 1;
				LastSwiftUpdateCheck = 1420;
				LastUpgradeCheck = 1420;
				TargetAttributes = {
					8C51FC262964242500EE4FD3 = {
						CreatedOnToolsVersion = 14.2;
					};
				};
			};
			buildConfigurationList = 8C51FC222964242500EE4FD3 /* Build configuration list for PBXProject "MoviesApp(Working with REST API)" */;
			compatibilityVersion = "Xcode 14.0";
			developmentRegion = en;
			hasScannedForEncodings = 0;
			knownRegions = (
				en,
				Base,
			);
			mainGroup = 8C51FC1E2964242500EE4FD3;
			productRefGroup = 8C51FC282964242500EE4FD3 /* Products */;
			projectDirPath = "";
			projectRoot = "";
			targets = (
				8C51FC262964242500EE4FD3 /* MoviesApp(Working with REST API) */,
			);
		};
/* End PBXProject section */

/* Begin PBXResourcesBuildPhase section */
		8C51FC252964242500EE4FD3 /* Resources */ = {
			isa = PBXResourcesBuildPhase;
			buildActionMask = 2147483647;
			files = (
				8C51FC372964242800EE4FD3 /* LaunchScreen.storyboard in Resources */,
				8C51FC342964242800EE4FD3 /* Assets.xcassets in Resources */,
				8C51FC322964242500EE4FD3 /* Main.storyboard in Resources */,
			);
			runOnlyForDeploymentPostprocessing = 0;
		};
/* End PBXResourcesBuildPhase section */

/* Begin PBXSourcesBuildPhase section */
		8C51FC232964242500EE4FD3 /* Sources */ = {
			isa = PBXSourcesBuildPhase;
			buildActionMask = 2147483647;
			files = (
				8C51FC2F2964242500EE4FD3 /* ViewController.swift in Sources */,
				8C51FC412964258F00EE4FD3 /* ApiService.swift in Sources */,
				8C2960D02964319400D77D35 /* MovieTableViewCell.swift in Sources */,
				8C2960D22964347100D77D35 /* MovieViewController.swift in Sources */,
				8C51FC2B2964242500EE4FD3 /* AppDelegate.swift in Sources */,
				8C51FC2D2964242500EE4FD3 /* SceneDelegate.swift in Sources */,
				8C51FC3F2964245C00EE4FD3 /* Model.swift in Sources */,
				8C51FC43296428F200EE4FD3 /* MovieViewModel.swift in Sources */,
			);
			runOnlyForDeploymentPostprocessing = 0;
		};
/* End PBXSourcesBuildPhase section */

/* Begin PBXVariantGroup section */
		8C51FC302964242500EE4FD3 /* Main.storyboard */ = {
			isa = PBXVariantGroup;
			children = (
				8C51FC312964242500EE4FD3 /* Base */,
			);
			name = Main.storyboard;
			sourceTree = "<group>";
		};
		8C51FC352964242800EE4FD3 /* LaunchScreen.storyboard */ = {
			isa = PBXVariantGroup;
			children = (
				8C51FC362964242800EE4FD3 /* Base */,
			);
			name = LaunchScreen.storyboard;
			sourceTree = "<group>";
		};
/* End PBXVariantGroup section */

/* Begin XCBuildConfiguration section */
		8C51FC392964242800EE4FD3 /* Debug */ = {
			isa = XCBuildConfiguration;
			buildSettings = {
				ALWAYS_SEARCH_USER_PATHS = NO;
				CLANG_ANALYZER_NONNULL = YES;
				CLANG_ANALYZER_NUMBER_OBJECT_CONVERSION = YES_AGGRESSIVE;
				CLANG_CXX_LANGUAGE_STANDARD = "gnu++20";
				CLANG_ENABLE_MODULES = YES;
				CLANG_ENABLE_OBJC_ARC = YES;
				CLANG_ENABLE_OBJC_WEAK = YES;
				CLANG_WARN_BLOCK_CAPTURE_AUTORELEASING = YES;
				CLANG_WARN_BOOL_CONVERSION = YES;
				CLANG_WARN_COMMA = YES;
				CLANG_WARN_CONSTANT_CONVERSION = YES;
				CLANG_WARN_DEPRECATED_OBJC_IMPLEMENTATIONS = YES;
				CLANG_WARN_DIRECT_OBJC_ISA_USAGE = YES_ERROR;
				CLANG_WARN_DOCUMENTATION_COMMENTS = YES;
				CLANG_WARN_EMPTY_BODY = YES;
				CLANG_WARN_ENUM_CONVERSION = YES;
				CLANG_WARN_INFINITE_RECURSION = YES;
				CLANG_WARN_INT_CONVERSION = YES;
				CLANG_WARN_NON_LITERAL_NULL_CONVERSION = YES;
				CLANG_WARN_OBJC_IMPLICIT_RETAIN_SELF = YES;
				CLANG_WARN_OBJC_LITERAL_CONVERSION = YES;
				CLANG_WARN_OBJC_ROOT_CLASS = YES_ERROR;
				CLANG_WARN_QUOTED_INCLUDE_IN_FRAMEWORK_HEADER = YES;
				CLANG_WARN_RANGE_LOOP_ANALYSIS = YES;
				CLANG_WARN_STRICT_PROTOTYPES = YES;
				CLANG_WARN_SUSPICIOUS_MOVE = YES;
				CLANG_WARN_UNGUARDED_AVAILABILITY = YES_AGGRESSIVE;
				CLANG_WARN_UNREACHABLE_CODE = YES;
				CLANG_WARN__DUPLICATE_METHOD_MATCH = YES;
				COPY_PHASE_STRIP = NO;
				DEBUG_INFORMATION_FORMAT = dwarf;
				ENABLE_STRICT_OBJC_MSGSEND = YES;
				ENABLE_TESTABILITY = YES;
				GCC_C_LANGUAGE_STANDARD = gnu11;
				GCC_DYNAMIC_NO_PIC = NO;
				GCC_NO_COMMON_BLOCKS = YES;
				GCC_OPTIMIZATION_LEVEL = 0;
				GCC_PREPROCESSOR_DEFINITIONS = (
					"DEBUG=1",
					"$(inherited)",
				);
				GCC_WARN_64_TO_32_BIT_CONVERSION = YES;
				GCC_WARN_ABOUT_RETURN_TYPE = YES_ERROR;
				GCC_WARN_UNDECLARED_SELECTOR = YES;
				GCC_WARN_UNINITIALIZED_AUTOS = YES_AGGRESSIVE;
				GCC_WARN_UNUSED_FUNCTION = YES;
				GCC_WARN_UNUSED_VARIABLE = YES;
				IPHONEOS_DEPLOYMENT_TARGET = 16.2;
				MTL_ENABLE_DEBUG_INFO = INCLUDE_SOURCE;
				MTL_FAST_MATH = YES;
				ONLY_ACTIVE_ARCH = YES;
				SDKROOT = iphoneos;
				SWIFT_ACTIVE_COMPILATION_CONDITIONS = DEBUG;
				SWIFT_OPTIMIZATION_LEVEL = "-Onone";
			};
			name = Debug;
		};
		8C51FC3A2964242800EE4FD3 /* Release */ = {
			isa = XCBuildConfiguration;
			buildSettings = {
				ALWAYS_SEARCH_USER_PATHS = NO;
				CLANG_ANALYZER_NONNULL = YES;
				CLANG_ANALYZER_NUMBER_OBJECT_CONVERSION = YES_AGGRESSIVE;
				CLANG_CXX_LANGUAGE_STANDARD = "gnu++20";
				CLANG_ENABLE_MODULES = YES;
				CLANG_ENABLE_OBJC_ARC = YES;
				CLANG_ENABLE_OBJC_WEAK = YES;
				CLANG_WARN_BLOCK_CAPTURE_AUTORELEASING = YES;
				CLANG_WARN_BOOL_CONVERSION = YES;
				CLANG_WARN_COMMA = YES;
				CLANG_WARN_CONSTANT_CONVERSION = YES;
				CLANG_WARN_DEPRECATED_OBJC_IMPLEMENTATIONS = YES;
				CLANG_WARN_DIRECT_OBJC_ISA_USAGE = YES_ERROR;
				CLANG_WARN_DOCUMENTATION_COMMENTS = YES;
				CLANG_WARN_EMPTY_BODY = YES;
				CLANG_WARN_ENUM_CONVERSION = YES;
				CLANG_WARN_INFINITE_RECURSION = YES;
				CLANG_WARN_INT_CONVERSION = YES;
				CLANG_WARN_NON_LITERAL_NULL_CONVERSION = YES;
				CLANG_WARN_OBJC_IMPLICIT_RETAIN_SELF = YES;
				CLANG_WARN_OBJC_LITERAL_CONVERSION = YES;
				CLANG_WARN_OBJC_ROOT_CLASS = YES_ERROR;
				CLANG_WARN_QUOTED_INCLUDE_IN_FRAMEWORK_HEADER = YES;
				CLANG_WARN_RANGE_LOOP_ANALYSIS = YES;
				CLANG_WARN_STRICT_PROTOTYPES = YES;
				CLANG_WARN_SUSPICIOUS_MOVE = YES;
				CLANG_WARN_UNGUARDED_AVAILABILITY = YES_AGGRESSIVE;
				CLANG_WARN_UNREACHABLE_CODE = YES;
				CLANG_WARN__DUPLICATE_METHOD_MATCH = YES;
				COPY_PHASE_STRIP = NO;
				DEBUG_INFORMATION_FORMAT = "dwarf-with-dsym";
				ENABLE_NS_ASSERTIONS = NO;
				ENABLE_STRICT_OBJC_MSGSEND = YES;
				GCC_C_LANGUAGE_STANDARD = gnu11;
				GCC_NO_COMMON_BLOCKS = YES;
				GCC_WARN_64_TO_32_BIT_CONVERSION = YES;
				GCC_WARN_ABOUT_RETURN_TYPE = YES_ERROR;
				GCC_WARN_UNDECLARED_SELECTOR = YES;
				GCC_WARN_UNINITIALIZED_AUTOS = YES_AGGRESSIVE;
				GCC_WARN_UNUSED_FUNCTION = YES;
				GCC_WARN_UNUSED_VARIABLE = YES;
				IPHONEOS_DEPLOYMENT_TARGET = 16.2;
				MTL_ENABLE_DEBUG_INFO = NO;
				MTL_FAST_MATH = YES;
				SDKROOT = iphoneos;
				SWIFT_COMPILATION_MODE = wholemodule;
				SWIFT_OPTIMIZATION_LEVEL = "-O";
				VALIDATE_PRODUCT = YES;
			};
			name = Release;
		};
		8C51FC3C2964242800EE4FD3 /* Debug */ = {
			isa = XCBuildConfiguration;
			buildSettings = {
				ASSETCATALOG_COMPILER_APPICON_NAME = AppIcon;
				ASSETCATALOG_COMPILER_GLOBAL_ACCENT_COLOR_NAME = AccentColor;
				CODE_SIGN_STYLE = Automatic;
				CURRENT_PROJECT_VERSION = 1;
				GENERATE_INFOPLIST_FILE = YES;
				INFOPLIST_FILE = "MoviesApp(Working with REST API)/Info.plist";
				INFOPLIST_KEY_UIApplicationSupportsIndirectInputEvents = YES;
				INFOPLIST_KEY_UILaunchStoryboardName = LaunchScreen;
				INFOPLIST_KEY_UIMainStoryboardFile = Main;
				INFOPLIST_KEY_UISupportedInterfaceOrientations = UIInterfaceOrientationPortrait;
				INFOPLIST_KEY_UISupportedInterfaceOrientations_iPad = "UIInterfaceOrientationLandscapeLeft UIInterfaceOrientationLandscapeRight UIInterfaceOrientationPortrait UIInterfaceOrientationPortraitUpsideDown";
				LD_RUNPATH_SEARCH_PATHS = (
					"$(inherited)",
					"@executable_path/Frameworks",
				);
				MARKETING_VERSION = 1.0;
				PRODUCT_BUNDLE_IDENTIFIER = "MalsagovMXX.MoviesApp-Working-with-REST-API-";
				PRODUCT_NAME = "$(TARGET_NAME)";
				SUPPORTED_PLATFORMS = "iphoneos iphonesimulator";
				SUPPORTS_MACCATALYST = NO;
				SUPPORTS_MAC_DESIGNED_FOR_IPHONE_IPAD = NO;
				SWIFT_EMIT_LOC_STRINGS = YES;
				SWIFT_VERSION = 5.0;
				TARGETED_DEVICE_FAMILY = 1;
			};
			name = Debug;
		};
		8C51FC3D2964242800EE4FD3 /* Release */ = {
			isa = XCBuildConfiguration;
			buildSettings = {
				ASSETCATALOG_COMPILER_APPICON_NAME = AppIcon;
				ASSETCATALOG_COMPILER_GLOBAL_ACCENT_COLOR_NAME = AccentColor;
				CODE_SIGN_STYLE = Automatic;
				CURRENT_PROJECT_VERSION = 1;
				GENERATE_INFOPLIST_FILE = YES;
				INFOPLIST_FILE = "MoviesApp(Working with REST API)/Info.plist";
				INFOPLIST_KEY_UIApplicationSupportsIndirectInputEvents = YES;
				INFOPLIST_KEY_UILaunchStoryboardName = LaunchScreen;
				INFOPLIST_KEY_UIMainStoryboardFile = Main;
				INFOPLIST_KEY_UISupportedInterfaceOrientations = UIInterfaceOrientationPortrait;
				INFOPLIST_KEY_UISupportedInterfaceOrientations_iPad = "UIInterfaceOrientationLandscapeLeft UIInterfaceOrientationLandscapeRight UIInterfaceOrientationPortrait UIInterfaceOrientationPortraitUpsideDown";
				LD_RUNPATH_SEARCH_PATHS = (
					"$(inherited)",
					"@executable_path/Frameworks",
				);
				MARKETING_VERSION = 1.0;
				PRODUCT_BUNDLE_IDENTIFIER = "MalsagovMXX.MoviesApp-Working-with-REST-API-";
				PRODUCT_NAME = "$(TARGET_NAME)";
				SUPPORTED_PLATFORMS = "iphoneos iphonesimulator";
				SUPPORTS_MACCATALYST = NO;
				SUPPORTS_MAC_DESIGNED_FOR_IPHONE_IPAD = NO;
				SWIFT_EMIT_LOC_STRINGS = YES;
				SWIFT_VERSION = 5.0;
				TARGETED_DEVICE_FAMILY = 1;
			};
			name = Release;
		};
/* End XCBuildConfiguration section */

/* Begin XCConfigurationList section */
		8C51FC222964242500EE4FD3 /* Build configuration list for PBXProject "MoviesApp(Working with REST API)" */ = {
			isa = XCConfigurationList;
			buildConfigurations = (
				8C51FC392964242800EE4FD3 /* Debug */,
				8C51FC3A2964242800EE4FD3 /* Release */,
			);
			defaultConfigurationIsVisible = 0;
			defaultConfigurationName = Release;
		};
		8C51FC3B2964242800EE4FD3 /* Build configuration list for PBXNativeTarget "MoviesApp(Working with REST API)" */ = {
			isa = XCConfigurationList;
			buildConfigurations = (
				8C51FC3C2964242800EE4FD3 /* Debug */,
				8C51FC3D2964242800EE4FD3 /* Release */,
			);
			defaultConfigurationIsVisible = 0;
			defaultConfigurationName = Release;
		};
/* End XCConfigurationList section */
	};
	rootObject = 8C51FC1F2964242500EE4FD3 /* Project object */;
}
