// !$*UTF8*$!
{
	archiveVersion = 1;
	classes = {
	};
	objectVersion = 56;
	objects = {

/* Begin PBXBuildFile section */
		8C296175296E6B7600D77D35 /* AppDelegate.swift in Sources */ = {isa = PBXBuildFile; fileRef = 8C296174296E6B7600D77D35 /* AppDelegate.swift */; };
		8C296177296E6B7600D77D35 /* SceneDelegate.swift in Sources */ = {isa = PBXBuildFile; fileRef = 8C296176296E6B7600D77D35 /* SceneDelegate.swift */; };
		8C296179296E6B7600D77D35 /* LoginViewController.swift in Sources */ = {isa = PBXBuildFile; fileRef = 8C296178296E6B7600D77D35 /* LoginViewController.swift */; };
		8C29617C296E6B7600D77D35 /* Main.storyboard in Resources */ = {isa = PBXBuildFile; fileRef = 8C29617A296E6B7600D77D35 /* Main.storyboard */; };
		8C29617E296E6B7900D77D35 /* Assets.xcassets in Resources */ = {isa = PBXBuildFile; fileRef = 8C29617D296E6B7900D77D35 /* Assets.xcassets */; };
		8C296181296E6B7900D77D35 /* LaunchScreen.storyboard in Resources */ = {isa = PBXBuildFile; fileRef = 8C29617F296E6B7900D77D35 /* LaunchScreen.storyboard */; };
		8C296189296E733A00D77D35 /* TasksViewController.swift in Sources */ = {isa = PBXBuildFile; fileRef = 8C296188296E733A00D77D35 /* TasksViewController.swift */; };
		8C29618C296E7A7C00D77D35 /* GoogleService-Info.plist in Resources */ = {isa = PBXBuildFile; fileRef = 8C29618B296E7A7C00D77D35 /* GoogleService-Info.plist */; };
		8C29618F296E971200D77D35 /* FirebaseAuth in Frameworks */ = {isa = PBXBuildFile; productRef = 8C29618E296E971200D77D35 /* FirebaseAuth */; settings = {ATTRIBUTES = (Required, ); }; };
		8C296191296E971200D77D35 /* FirebaseDatabase in Frameworks */ = {isa = PBXBuildFile; productRef = 8C296190296E971200D77D35 /* FirebaseDatabase */; };
		8C2961C2297008EF00D77D35 /* FirebaseDatabaseSwift in Frameworks */ = {isa = PBXBuildFile; productRef = 8C2961C1297008EF00D77D35 /* FirebaseDatabaseSwift */; };
		8C2961C6297008EF00D77D35 /* FirebaseFirestore in Frameworks */ = {isa = PBXBuildFile; productRef = 8C2961C5297008EF00D77D35 /* FirebaseFirestore */; };
		8C2961D6297008EF00D77D35 /* FirebaseMessaging in Frameworks */ = {isa = PBXBuildFile; productRef = 8C2961D5297008EF00D77D35 /* FirebaseMessaging */; };
		8C2961E429704BC200D77D35 /* Task.swift in Sources */ = {isa = PBXBuildFile; fileRef = 8C2961E329704BC200D77D35 /* Task.swift */; };
		8C2961E629704BCA00D77D35 /* User.swift in Sources */ = {isa = PBXBuildFile; fileRef = 8C2961E529704BCA00D77D35 /* User.swift */; };
/* End PBXBuildFile section */

/* Begin PBXFileReference section */
		8C296171296E6B7600D77D35 /* ToDoFire.app */ = {isa = PBXFileReference; explicitFileType = wrapper.application; includeInIndex = 0; path = ToDoFire.app; sourceTree = BUILT_PRODUCTS_DIR; };
		8C296174296E6B7600D77D35 /* AppDelegate.swift */ = {isa = PBXFileReference; lastKnownFileType = sourcecode.swift; path = AppDelegate.swift; sourceTree = "<group>"; };
		8C296176296E6B7600D77D35 /* SceneDelegate.swift */ = {isa = PBXFileReference; lastKnownFileType = sourcecode.swift; path = SceneDelegate.swift; sourceTree = "<group>"; };
		8C296178296E6B7600D77D35 /* LoginViewController.swift */ = {isa = PBXFileReference; lastKnownFileType = sourcecode.swift; path = LoginViewController.swift; sourceTree = "<group>"; };
		8C29617B296E6B7600D77D35 /* Base */ = {isa = PBXFileReference; lastKnownFileType = file.storyboard; name = Base; path = Base.lproj/Main.storyboard; sourceTree = "<group>"; };
		8C29617D296E6B7900D77D35 /* Assets.xcassets */ = {isa = PBXFileReference; lastKnownFileType = folder.assetcatalog; path = Assets.xcassets; sourceTree = "<group>"; };
		8C296180296E6B7900D77D35 /* Base */ = {isa = PBXFileReference; lastKnownFileType = file.storyboard; name = Base; path = Base.lproj/LaunchScreen.storyboard; sourceTree = "<group>"; };
		8C296182296E6B7900D77D35 /* Info.plist */ = {isa = PBXFileReference; lastKnownFileType = text.plist.xml; path = Info.plist; sourceTree = "<group>"; };
		8C296188296E733A00D77D35 /* TasksViewController.swift */ = {isa = PBXFileReference; lastKnownFileType = sourcecode.swift; path = TasksViewController.swift; sourceTree = "<group>"; };
		8C29618B296E7A7C00D77D35 /* GoogleService-Info.plist */ = {isa = PBXFileReference; fileEncoding = 4; lastKnownFileType = text.plist.xml; path = "GoogleService-Info.plist"; sourceTree = "<group>"; };
		8C2961E329704BC200D77D35 /* Task.swift */ = {isa = PBXFileReference; lastKnownFileType = sourcecode.swift; path = Task.swift; sourceTree = "<group>"; };
		8C2961E529704BCA00D77D35 /* User.swift */ = {isa = PBXFileReference; lastKnownFileType = sourcecode.swift; path = User.swift; sourceTree = "<group>"; };
/* End PBXFileReference section */

/* Begin PBXFrameworksBuildPhase section */
		8C29616E296E6B7600D77D35 /* Frameworks */ = {
			isa = PBXFrameworksBuildPhase;
			buildActionMask = 2147483647;
			files = (
				8C296191296E971200D77D35 /* FirebaseDatabase in Frameworks */,
				8C2961C6297008EF00D77D35 /* FirebaseFirestore in Frameworks */,
				8C29618F296E971200D77D35 /* FirebaseAuth in Frameworks */,
				8C2961D6297008EF00D77D35 /* FirebaseMessaging in Frameworks */,
				8C2961C2297008EF00D77D35 /* FirebaseDatabaseSwift in Frameworks */,
			);
			runOnlyForDeploymentPostprocessing = 0;
		};
/* End PBXFrameworksBuildPhase section */

/* Begin PBXGroup section */
		8C296168296E6B7600D77D35 = {
			isa = PBXGroup;
			children = (
				8C296173296E6B7600D77D35 /* ToDoFire */,
				8C296172296E6B7600D77D35 /* Products */,
				8C296192296E975100D77D35 /* Frameworks */,
			);
			sourceTree = "<group>";
		};
		8C296172296E6B7600D77D35 /* Products */ = {
			isa = PBXGroup;
			children = (
				8C296171296E6B7600D77D35 /* ToDoFire.app */,
			);
			name = Products;
			sourceTree = "<group>";
		};
		8C296173296E6B7600D77D35 /* ToDoFire */ = {
			isa = PBXGroup;
			children = (
				8C296174296E6B7600D77D35 /* AppDelegate.swift */,
				8C296176296E6B7600D77D35 /* SceneDelegate.swift */,
				8C2961E729704BDA00D77D35 /* Model */,
				8C29618A296E738200D77D35 /* Controller */,
				8C29617A296E6B7600D77D35 /* Main.storyboard */,
				8C29617D296E6B7900D77D35 /* Assets.xcassets */,
				8C29617F296E6B7900D77D35 /* LaunchScreen.storyboard */,
				8C29618B296E7A7C00D77D35 /* GoogleService-Info.plist */,
				8C296182296E6B7900D77D35 /* Info.plist */,
			);
			path = ToDoFire;
			sourceTree = "<group>";
		};
		8C29618A296E738200D77D35 /* Controller */ = {
			isa = PBXGroup;
			children = (
				8C296188296E733A00D77D35 /* TasksViewController.swift */,
				8C296178296E6B7600D77D35 /* LoginViewController.swift */,
			);
			path = Controller;
			sourceTree = "<group>";
		};
		8C296192296E975100D77D35 /* Frameworks */ = {
			isa = PBXGroup;
			children = (
			);
			name = Frameworks;
			sourceTree = "<group>";
		};
		8C2961E729704BDA00D77D35 /* Model */ = {
			isa = PBXGroup;
			children = (
				8C2961E329704BC200D77D35 /* Task.swift */,
				8C2961E529704BCA00D77D35 /* User.swift */,
			);
			path = Model;
			sourceTree = "<group>";
		};
/* End PBXGroup section */

/* Begin PBXNativeTarget section */
		8C296170296E6B7600D77D35 /* ToDoFire */ = {
			isa = PBXNativeTarget;
			buildConfigurationList = 8C296185296E6B7900D77D35 /* Build configuration list for PBXNativeTarget "ToDoFire" */;
			buildPhases = (
				8C29616D296E6B7600D77D35 /* Sources */,
				8C29616E296E6B7600D77D35 /* Frameworks */,
				8C29616F296E6B7600D77D35 /* Resources */,
			);
			buildRules = (
			);
			dependencies = (
			);
			name = ToDoFire;
			packageProductDependencies = (
				8C29618E296E971200D77D35 /* FirebaseAuth */,
				8C296190296E971200D77D35 /* FirebaseDatabase */,
				8C2961C1297008EF00D77D35 /* FirebaseDatabaseSwift */,
				8C2961C5297008EF00D77D35 /* FirebaseFirestore */,
				8C2961D5297008EF00D77D35 /* FirebaseMessaging */,
			);
			productName = ToDoFire;
			productReference = 8C296171296E6B7600D77D35 /* ToDoFire.app */;
			productType = "com.apple.product-type.application";
		};
/* End PBXNativeTarget section */

/* Begin PBXProject section */
		8C296169296E6B7600D77D35 /* Project object */ = {
			isa = PBXProject;
			attributes = {
				BuildIndependentTargetsInParallel = 1;
				LastSwiftUpdateCheck = 1420;
				LastUpgradeCheck = 1420;
				TargetAttributes = {
					8C296170296E6B7600D77D35 = {
						CreatedOnToolsVersion = 14.2;
					};
				};
			};
			buildConfigurationList = 8C29616C296E6B7600D77D35 /* Build configuration list for PBXProject "ToDoFire" */;
			compatibilityVersion = "Xcode 14.0";
			developmentRegion = en;
			hasScannedForEncodings = 0;
			knownRegions = (
				en,
				Base,
			);
			mainGroup = 8C296168296E6B7600D77D35;
			packageReferences = (
				8C29618D296E971200D77D35 /* XCRemoteSwiftPackageReference "firebase-ios-sdk" */,
			);
			productRefGroup = 8C296172296E6B7600D77D35 /* Products */;
			projectDirPath = "";
			projectRoot = "";
			targets = (
				8C296170296E6B7600D77D35 /* ToDoFire */,
			);
		};
/* End PBXProject section */

/* Begin PBXResourcesBuildPhase section */
		8C29616F296E6B7600D77D35 /* Resources */ = {
			isa = PBXResourcesBuildPhase;
			buildActionMask = 2147483647;
			files = (
				8C296181296E6B7900D77D35 /* LaunchScreen.storyboard in Resources */,
				8C29618C296E7A7C00D77D35 /* GoogleService-Info.plist in Resources */,
				8C29617E296E6B7900D77D35 /* Assets.xcassets in Resources */,
				8C29617C296E6B7600D77D35 /* Main.storyboard in Resources */,
			);
			runOnlyForDeploymentPostprocessing = 0;
		};
/* End PBXResourcesBuildPhase section */

/* Begin PBXSourcesBuildPhase section */
		8C29616D296E6B7600D77D35 /* Sources */ = {
			isa = PBXSourcesBuildPhase;
			buildActionMask = 2147483647;
			files = (
				8C296179296E6B7600D77D35 /* LoginViewController.swift in Sources */,
				8C296189296E733A00D77D35 /* TasksViewController.swift in Sources */,
				8C2961E629704BCA00D77D35 /* User.swift in Sources */,
				8C2961E429704BC200D77D35 /* Task.swift in Sources */,
				8C296175296E6B7600D77D35 /* AppDelegate.swift in Sources */,
				8C296177296E6B7600D77D35 /* SceneDelegate.swift in Sources */,
			);
			runOnlyForDeploymentPostprocessing = 0;
		};
/* End PBXSourcesBuildPhase section */

/* Begin PBXVariantGroup section */
		8C29617A296E6B7600D77D35 /* Main.storyboard */ = {
			isa = PBXVariantGroup;
			children = (
				8C29617B296E6B7600D77D35 /* Base */,
			);
			name = Main.storyboard;
			sourceTree = "<group>";
		};
		8C29617F296E6B7900D77D35 /* LaunchScreen.storyboard */ = {
			isa = PBXVariantGroup;
			children = (
				8C296180296E6B7900D77D35 /* Base */,
			);
			name = LaunchScreen.storyboard;
			sourceTree = "<group>";
		};
/* End PBXVariantGroup section */

/* Begin XCBuildConfiguration section */
		8C296183296E6B7900D77D35 /* Debug */ = {
			isa = XCBuildConfiguration;
			buildSettings = {
				ALWAYS_SEARCH_USER_PATHS = NO;
				CLANG_ANALYZER_NONNULL = YES;
				CLANG_ANALYZER_NUMBER_OBJECT_CONVERSION = YES_AGGRESSIVE;
				CLANG_CXX_LANGUAGE_STANDARD = "gnu++20";
				CLANG_ENABLE_MODULES = YES;
				CLANG_ENABLE_OBJC_ARC = YES;
				CLANG_ENABLE_OBJC_WEAK = YES;
				CLANG_WARN_BLOCK_CAPTURE_AUTORELEASING = YES;
				CLANG_WARN_BOOL_CONVERSION = YES;
				CLANG_WARN_COMMA = YES;
				CLANG_WARN_CONSTANT_CONVERSION = YES;
				CLANG_WARN_DEPRECATED_OBJC_IMPLEMENTATIONS = YES;
				CLANG_WARN_DIRECT_OBJC_ISA_USAGE = YES_ERROR;
				CLANG_WARN_DOCUMENTATION_COMMENTS = YES;
				CLANG_WARN_EMPTY_BODY = YES;
				CLANG_WARN_ENUM_CONVERSION = YES;
				CLANG_WARN_INFINITE_RECURSION = YES;
				CLANG_WARN_INT_CONVERSION = YES;
				CLANG_WARN_NON_LITERAL_NULL_CONVERSION = YES;
				CLANG_WARN_OBJC_IMPLICIT_RETAIN_SELF = YES;
				CLANG_WARN_OBJC_LITERAL_CONVERSION = YES;
				CLANG_WARN_OBJC_ROOT_CLASS = YES_ERROR;
				CLANG_WARN_QUOTED_INCLUDE_IN_FRAMEWORK_HEADER = YES;
				CLANG_WARN_RANGE_LOOP_ANALYSIS = YES;
				CLANG_WARN_STRICT_PROTOTYPES = YES;
				CLANG_WARN_SUSPICIOUS_MOVE = YES;
				CLANG_WARN_UNGUARDED_AVAILABILITY = YES_AGGRESSIVE;
				CLANG_WARN_UNREACHABLE_CODE = YES;
				CLANG_WARN__DUPLICATE_METHOD_MATCH = YES;
				COPY_PHASE_STRIP = NO;
				DEBUG_INFORMATION_FORMAT = dwarf;
				ENABLE_STRICT_OBJC_MSGSEND = YES;
				ENABLE_TESTABILITY = YES;
				GCC_C_LANGUAGE_STANDARD = gnu11;
				GCC_DYNAMIC_NO_PIC = NO;
				GCC_NO_COMMON_BLOCKS = YES;
				GCC_OPTIMIZATION_LEVEL = 0;
				GCC_PREPROCESSOR_DEFINITIONS = (
					"DEBUG=1",
					"$(inherited)",
				);
				GCC_WARN_64_TO_32_BIT_CONVERSION = YES;
				GCC_WARN_ABOUT_RETURN_TYPE = YES_ERROR;
				GCC_WARN_UNDECLARED_SELECTOR = YES;
				GCC_WARN_UNINITIALIZED_AUTOS = YES_AGGRESSIVE;
				GCC_WARN_UNUSED_FUNCTION = YES;
				GCC_WARN_UNUSED_VARIABLE = YES;
				IPHONEOS_DEPLOYMENT_TARGET = 16.2;
				MTL_ENABLE_DEBUG_INFO = INCLUDE_SOURCE;
				MTL_FAST_MATH = YES;
				ONLY_ACTIVE_ARCH = YES;
				SDKROOT = iphoneos;
				SWIFT_ACTIVE_COMPILATION_CONDITIONS = DEBUG;
				SWIFT_OPTIMIZATION_LEVEL = "-Onone";
			};
			name = Debug;
		};
		8C296184296E6B7900D77D35 /* Release */ = {
			isa = XCBuildConfiguration;
			buildSettings = {
				ALWAYS_SEARCH_USER_PATHS = NO;
				CLANG_ANALYZER_NONNULL = YES;
				CLANG_ANALYZER_NUMBER_OBJECT_CONVERSION = YES_AGGRESSIVE;
				CLANG_CXX_LANGUAGE_STANDARD = "gnu++20";
				CLANG_ENABLE_MODULES = YES;
				CLANG_ENABLE_OBJC_ARC = YES;
				CLANG_ENABLE_OBJC_WEAK = YES;
				CLANG_WARN_BLOCK_CAPTURE_AUTORELEASING = YES;
				CLANG_WARN_BOOL_CONVERSION = YES;
				CLANG_WARN_COMMA = YES;
				CLANG_WARN_CONSTANT_CONVERSION = YES;
				CLANG_WARN_DEPRECATED_OBJC_IMPLEMENTATIONS = YES;
				CLANG_WARN_DIRECT_OBJC_ISA_USAGE = YES_ERROR;
				CLANG_WARN_DOCUMENTATION_COMMENTS = YES;
				CLANG_WARN_EMPTY_BODY = YES;
				CLANG_WARN_ENUM_CONVERSION = YES;
				CLANG_WARN_INFINITE_RECURSION = YES;
				CLANG_WARN_INT_CONVERSION = YES;
				CLANG_WARN_NON_LITERAL_NULL_CONVERSION = YES;
				CLANG_WARN_OBJC_IMPLICIT_RETAIN_SELF = YES;
				CLANG_WARN_OBJC_LITERAL_CONVERSION = YES;
				CLANG_WARN_OBJC_ROOT_CLASS = YES_ERROR;
				CLANG_WARN_QUOTED_INCLUDE_IN_FRAMEWORK_HEADER = YES;
				CLANG_WARN_RANGE_LOOP_ANALYSIS = YES;
				CLANG_WARN_STRICT_PROTOTYPES = YES;
				CLANG_WARN_SUSPICIOUS_MOVE = YES;
				CLANG_WARN_UNGUARDED_AVAILABILITY = YES_AGGRESSIVE;
				CLANG_WARN_UNREACHABLE_CODE = YES;
				CLANG_WARN__DUPLICATE_METHOD_MATCH = YES;
				COPY_PHASE_STRIP = NO;
				DEBUG_INFORMATION_FORMAT = "dwarf-with-dsym";
				ENABLE_NS_ASSERTIONS = NO;
				ENABLE_STRICT_OBJC_MSGSEND = YES;
				GCC_C_LANGUAGE_STANDARD = gnu11;
				GCC_NO_COMMON_BLOCKS = YES;
				GCC_WARN_64_TO_32_BIT_CONVERSION = YES;
				GCC_WARN_ABOUT_RETURN_TYPE = YES_ERROR;
				GCC_WARN_UNDECLARED_SELECTOR = YES;
				GCC_WARN_UNINITIALIZED_AUTOS = YES_AGGRESSIVE;
				GCC_WARN_UNUSED_FUNCTION = YES;
				GCC_WARN_UNUSED_VARIABLE = YES;
				IPHONEOS_DEPLOYMENT_TARGET = 16.2;
				MTL_ENABLE_DEBUG_INFO = NO;
				MTL_FAST_MATH = YES;
				SDKROOT = iphoneos;
				SWIFT_COMPILATION_MODE = wholemodule;
				SWIFT_OPTIMIZATION_LEVEL = "-O";
				VALIDATE_PRODUCT = YES;
			};
			name = Release;
		};
		8C296186296E6B7900D77D35 /* Debug */ = {
			isa = XCBuildConfiguration;
			buildSettings = {
				ASSETCATALOG_COMPILER_APPICON_NAME = AppIcon;
				ASSETCATALOG_COMPILER_GLOBAL_ACCENT_COLOR_NAME = AccentColor;
				CODE_SIGN_STYLE = Automatic;
				CURRENT_PROJECT_VERSION = 1;
				GENERATE_INFOPLIST_FILE = YES;
				INFOPLIST_FILE = ToDoFire/Info.plist;
				INFOPLIST_KEY_UIApplicationSupportsIndirectInputEvents = YES;
				INFOPLIST_KEY_UILaunchStoryboardName = LaunchScreen;
				INFOPLIST_KEY_UIMainStoryboardFile = Main;
				INFOPLIST_KEY_UISupportedInterfaceOrientations = UIInterfaceOrientationPortrait;
				INFOPLIST_KEY_UISupportedInterfaceOrientations_iPad = "UIInterfaceOrientationLandscapeLeft UIInterfaceOrientationLandscapeRight UIInterfaceOrientationPortrait UIInterfaceOrientationPortraitUpsideDown";
				LD_RUNPATH_SEARCH_PATHS = (
					"$(inherited)",
					"@executable_path/Frameworks",
				);
				MARKETING_VERSION = 1.0;
				PRODUCT_BUNDLE_IDENTIFIER = MalsagovMXX.ToDoFire;
				PRODUCT_NAME = "$(TARGET_NAME)";
				SUPPORTED_PLATFORMS = "iphoneos iphonesimulator";
				SUPPORTS_MACCATALYST = NO;
				SUPPORTS_MAC_DESIGNED_FOR_IPHONE_IPAD = NO;
				SWIFT_EMIT_LOC_STRINGS = YES;
				SWIFT_VERSION = 5.0;
				TARGETED_DEVICE_FAMILY = 1;
			};
			name = Debug;
		};
		8C296187296E6B7900D77D35 /* Release */ = {
			isa = XCBuildConfiguration;
			buildSettings = {
				ASSETCATALOG_COMPILER_APPICON_NAME = AppIcon;
				ASSETCATALOG_COMPILER_GLOBAL_ACCENT_COLOR_NAME = AccentColor;
				CODE_SIGN_STYLE = Automatic;
				CURRENT_PROJECT_VERSION = 1;
				GENERATE_INFOPLIST_FILE = YES;
				INFOPLIST_FILE = ToDoFire/Info.plist;
				INFOPLIST_KEY_UIApplicationSupportsIndirectInputEvents = YES;
				INFOPLIST_KEY_UILaunchStoryboardName = LaunchScreen;
				INFOPLIST_KEY_UIMainStoryboardFile = Main;
				INFOPLIST_KEY_UISupportedInterfaceOrientations = UIInterfaceOrientationPortrait;
				INFOPLIST_KEY_UISupportedInterfaceOrientations_iPad = "UIInterfaceOrientationLandscapeLeft UIInterfaceOrientationLandscapeRight UIInterfaceOrientationPortrait UIInterfaceOrientationPortraitUpsideDown";
				LD_RUNPATH_SEARCH_PATHS = (
					"$(inherited)",
					"@executable_path/Frameworks",
				);
				MARKETING_VERSION = 1.0;
				PRODUCT_BUNDLE_IDENTIFIER = MalsagovMXX.ToDoFire;
				PRODUCT_NAME = "$(TARGET_NAME)";
				SUPPORTED_PLATFORMS = "iphoneos iphonesimulator";
				SUPPORTS_MACCATALYST = NO;
				SUPPORTS_MAC_DESIGNED_FOR_IPHONE_IPAD = NO;
				SWIFT_EMIT_LOC_STRINGS = YES;
				SWIFT_VERSION = 5.0;
				TARGETED_DEVICE_FAMILY = 1;
			};
			name = Release;
		};
/* End XCBuildConfiguration section */

/* Begin XCConfigurationList section */
		8C29616C296E6B7600D77D35 /* Build configuration list for PBXProject "ToDoFire" */ = {
			isa = XCConfigurationList;
			buildConfigurations = (
				8C296183296E6B7900D77D35 /* Debug */,
				8C296184296E6B7900D77D35 /* Release */,
			);
			defaultConfigurationIsVisible = 0;
			defaultConfigurationName = Release;
		};
		8C296185296E6B7900D77D35 /* Build configuration list for PBXNativeTarget "ToDoFire" */ = {
			isa = XCConfigurationList;
			buildConfigurations = (
				8C296186296E6B7900D77D35 /* Debug */,
				8C296187296E6B7900D77D35 /* Release */,
			);
			defaultConfigurationIsVisible = 0;
			defaultConfigurationName = Release;
		};
/* End XCConfigurationList section */

/* Begin XCRemoteSwiftPackageReference section */
		8C29618D296E971200D77D35 /* XCRemoteSwiftPackageReference "firebase-ios-sdk" */ = {
			isa = XCRemoteSwiftPackageReference;
			repositoryURL = "https://github.com/firebase/firebase-ios-sdk";
			requirement = {
				kind = upToNextMajorVersion;
				minimumVersion = 9.0.0;
			};
		};
/* End XCRemoteSwiftPackageReference section */

/* Begin XCSwiftPackageProductDependency section */
		8C29618E296E971200D77D35 /* FirebaseAuth */ = {
			isa = XCSwiftPackageProductDependency;
			package = 8C29618D296E971200D77D35 /* XCRemoteSwiftPackageReference "firebase-ios-sdk" */;
			productName = FirebaseAuth;
		};
		8C296190296E971200D77D35 /* FirebaseDatabase */ = {
			isa = XCSwiftPackageProductDependency;
			package = 8C29618D296E971200D77D35 /* XCRemoteSwiftPackageReference "firebase-ios-sdk" */;
			productName = FirebaseDatabase;
		};
		8C2961C1297008EF00D77D35 /* FirebaseDatabaseSwift */ = {
			isa = XCSwiftPackageProductDependency;
			package = 8C29618D296E971200D77D35 /* XCRemoteSwiftPackageReference "firebase-ios-sdk" */;
			productName = FirebaseDatabaseSwift;
		};
		8C2961C5297008EF00D77D35 /* FirebaseFirestore */ = {
			isa = XCSwiftPackageProductDependency;
			package = 8C29618D296E971200D77D35 /* XCRemoteSwiftPackageReference "firebase-ios-sdk" */;
			productName = FirebaseFirestore;
		};
		8C2961D5297008EF00D77D35 /* FirebaseMessaging */ = {
			isa = XCSwiftPackageProductDependency;
			package = 8C29618D296E971200D77D35 /* XCRemoteSwiftPackageReference "firebase-ios-sdk" */;
			productName = FirebaseMessaging;
		};
/* End XCSwiftPackageProductDependency section */
	};
	rootObject = 8C296169296E6B7600D77D35 /* Project object */;
}
